
Microsoft Visual Studio Solution File, Format Version 12.00
# Visual Studio Version 16
VisualStudioVersion = 16.0.29403.142
MinimumVisualStudioVersion = 10.0.40219.1
Project("{9A19103F-16F7-4668-BE54-9A1E7A4F7556}") = "MartianRobot.Api", "src\MartianRobot.Api\MartianRobot.Api.csproj", "{4311A9E4-B963-408F-84E8-38DA97D4961B}"
EndProject
Project("{9A19103F-16F7-4668-BE54-9A1E7A4F7556}") = "MartianRobot.Host", "src\MartianRobot.Host\MartianRobot.Host.csproj", "{8B412731-1C6B-4DAC-810D-987C1FA23B04}"
EndProject
Project("{9A19103F-16F7-4668-BE54-9A1E7A4F7556}") = "MartianRobot.Domain", "src\MartianRobot.Domain\MartianRobot.Domain.csproj", "{ED8DCF9A-6713-4690-B2EA-F0587C3D44EB}"
EndProject
Project("{9A19103F-16F7-4668-BE54-9A1E7A4F7556}") = "MartianRobot.Application", "src\MartianRobot.Application\MartianRobot.Application.csproj", "{E7A4F2C5-901E-4D3E-A399-B6DFC6FD375F}"
EndProject
Project("{2150E333-8FDC-42A3-9474-1A3956D46DE8}") = "Tests", "Tests", "{0EA41F81-4582-4AA2-958C-199E54E54537}"
EndProject
Project("{9A19103F-16F7-4668-BE54-9A1E7A4F7556}") = "UnitTests", "tests\UnitTests\UnitTests.csproj", "{6F0896FE-FD55-451D-A255-0CCBA1F3F49D}"
EndProject
Project("{2150E333-8FDC-42A3-9474-1A3956D46DE8}") = "Solution Items", "Solution Items", "{DE02CBE5-411A-4AFF-BF04-57D8A8A3E33E}"
	ProjectSection(SolutionItems) = preProject
		.editorconfig = .editorconfig
		.gitignore = .gitignore
		docker-compose.yml = docker-compose.yml
		Dockerfile = Dockerfile
		NuGet.config = NuGet.config
		package.nuspec = package.nuspec
		README.md = README.md
	EndProjectSection
EndProject
Project("{FAE04EC0-301F-11D3-BF4B-00C04F79EFBC}") = "MartianRobotConsole", "MartianRobotConsole\MartianRobotConsole.csproj", "{1518E85D-2328-4B1E-92FF-25834C4ACD08}"
EndProject
Global
	GlobalSection(SolutionConfigurationPlatforms) = preSolution
		Debug|Any CPU = Debug|Any CPU
		Release|Any CPU = Release|Any CPU
	EndGlobalSection
	GlobalSection(ProjectConfigurationPlatforms) = postSolution
		{4311A9E4-B963-408F-84E8-38DA97D4961B}.Debug|Any CPU.ActiveCfg = Debug|Any CPU
		{4311A9E4-B963-408F-84E8-38DA97D4961B}.Debug|Any CPU.Build.0 = Debug|Any CPU
		{4311A9E4-B963-408F-84E8-38DA97D4961B}.Release|Any CPU.ActiveCfg = Release|Any CPU
		{4311A9E4-B963-408F-84E8-38DA97D4961B}.Release|Any CPU.Build.0 = Release|Any CPU
		{8B412731-1C6B-4DAC-810D-987C1FA23B04}.Debug|Any CPU.ActiveCfg = Debug|Any CPU
		{8B412731-1C6B-4DAC-810D-987C1FA23B04}.Debug|Any CPU.Build.0 = Debug|Any CPU
		{8B412731-1C6B-4DAC-810D-987C1FA23B04}.Release|Any CPU.ActiveCfg = Release|Any CPU
		{8B412731-1C6B-4DAC-810D-987C1FA23B04}.Release|Any CPU.Build.0 = Release|Any CPU
		{ED8DCF9A-6713-4690-B2EA-F0587C3D44EB}.Debug|Any CPU.ActiveCfg = Debug|Any CPU
		{ED8DCF9A-6713-4690-B2EA-F0587C3D44EB}.Debug|Any CPU.Build.0 = Debug|Any CPU
		{ED8DCF9A-6713-4690-B2EA-F0587C3D44EB}.Release|Any CPU.ActiveCfg = Release|Any CPU
		{ED8DCF9A-6713-4690-B2EA-F0587C3D44EB}.Release|Any CPU.Build.0 = Release|Any CPU
		{E7A4F2C5-901E-4D3E-A399-B6DFC6FD375F}.Debug|Any CPU.ActiveCfg = Debug|Any CPU
		{E7A4F2C5-901E-4D3E-A399-B6DFC6FD375F}.Debug|Any CPU.Build.0 = Debug|Any CPU
		{E7A4F2C5-901E-4D3E-A399-B6DFC6FD375F}.Release|Any CPU.ActiveCfg = Release|Any CPU
		{E7A4F2C5-901E-4D3E-A399-B6DFC6FD375F}.Release|Any CPU.Build.0 = Release|Any CPU
		{6F0896FE-FD55-451D-A255-0CCBA1F3F49D}.Debug|Any CPU.ActiveCfg = Debug|Any CPU
		{6F0896FE-FD55-451D-A255-0CCBA1F3F49D}.Debug|Any CPU.Build.0 = Debug|Any CPU
		{6F0896FE-FD55-451D-A255-0CCBA1F3F49D}.Release|Any CPU.ActiveCfg = Release|Any CPU
		{6F0896FE-FD55-451D-A255-0CCBA1F3F49D}.Release|Any CPU.Build.0 = Release|Any CPU
		{1518E85D-2328-4B1E-92FF-25834C4ACD08}.Debug|Any CPU.ActiveCfg = Debug|Any CPU
		{1518E85D-2328-4B1E-92FF-25834C4ACD08}.Debug|Any CPU.Build.0 = Debug|Any CPU
		{1518E85D-2328-4B1E-92FF-25834C4ACD08}.Release|Any CPU.ActiveCfg = Release|Any CPU
		{1518E85D-2328-4B1E-92FF-25834C4ACD08}.Release|Any CPU.Build.0 = Release|Any CPU
	EndGlobalSection
	GlobalSection(SolutionProperties) = preSolution
		HideSolutionNode = FALSE
	EndGlobalSection
	GlobalSection(NestedProjects) = preSolution
		{6F0896FE-FD55-451D-A255-0CCBA1F3F49D} = {0EA41F81-4582-4AA2-958C-199E54E54537}
	EndGlobalSection
	GlobalSection(ExtensibilityGlobals) = postSolution
		SolutionGuid = {AACDB9E8-FCBE-4B94-BB5E-19062B8B718D}
	EndGlobalSection
EndGlobal
